PODS:
  - Flutter (1.0.0)
  - MBProgressHUD (1.2.0)
  - record_movie (1.0.1):
    - Flutter
    - MBProgressHUD

DEPENDENCIES:
  - Flutter (from `Flutter`)
  - record_movie (from `.symlinks/plugins/record_movie/ios`)

SPEC REPOS:
  trunk:
    - MBProgressHUD

EXTERNAL SOURCES:
  Flutter:
    :path: Flutter
  record_movie:
    :path: ".symlinks/plugins/record_movie/ios"

SPEC CHECKSUMS:
  Flutter: f04841e97a9d0b0a8025694d0796dd46242b2854
  MBProgressHUD: 3ee5efcc380f6a79a7cc9b363dd669c5e1ae7406
  record_movie: 993ca1c8ae8e9ac0cee9071aed14feb23688e06f

PODFILE CHECKSUM: bfd8cb9c5a07b05028ccd5e7d27153963d4bba14

COCOAPODS: 1.12.1
