PODS:
  - Flutter (1.0.0)
  - record_movie (0.0.1):
    - Flutter

DEPENDENCIES:
  - Flutter (from `Flutter`)
  - record_movie (from `.symlinks/plugins/record_movie/ios`)

EXTERNAL SOURCES:
  Flutter:
    :path: Flutter
  record_movie:
    :path: ".symlinks/plugins/record_movie/ios"

SPEC CHECKSUMS:
  Flutter: 0e3d915762c693b495b44d77113d4970485de6ec
  record_movie: 0e7c9389d6cd09e9534f366b83649217e9eb67da

PODFILE CHECKSUM: f32fb4e7c14f8b3ca19a369d7be425dd9241af27

COCOAPODS: 1.8.4
