PODS:
  - Flutter (1.0.0)
  - record_movie (1.0.0):
    - Flutter

DEPENDENCIES:
  - Flutter (from `Flutter`)
  - record_movie (from `.symlinks/plugins/record_movie/ios`)

EXTERNAL SOURCES:
  Flutter:
    :path: Flutter
  record_movie:
    :path: ".symlinks/plugins/record_movie/ios"

SPEC CHECKSUMS:
  Flutter: 50d75fe2f02b26cc09d224853bb45737f8b3214a
  record_movie: c0afdf59b434ab59ba2cd41c7baa093751e39cf5

PODFILE CHECKSUM: 8e679eca47255a8ca8067c4c67aab20e64cb974d

COCOAPODS: 1.10.0
